golang.org/x/exp v0.0.0-20230111222715-75897c7a292a h1:/YWeLOBWYV5WAQORVPkZF3Pq9IppkcT72GKnWjNf5W8=
golang.org/x/exp v0.0.0-20230111222715-75897c7a292a/go.mod h1:CxIveKay+FTh1D0yPZemJVgC/95VzuuOLq5Qi4xnoYc=
golang.org/x/text v0.6.0 h1:3XmdazWV+ubf7QgHSTWeykHOci5oeekaGJBLkrkaw4k=
golang.org/x/text v0.6.0/go.mod h1:mrYo+phRRbMaCq/xk9113O4dZlRixOauAjOtrjsXDZ8=
