golang.org/x/exp v0.0.0-20230129154200-a960b3787bd2 h1:5sPMf9HJXrvBWIamTw+rTST0bZ3Mho2n1p58M0+W99c=
golang.org/x/exp v0.0.0-20230129154200-a960b3787bd2/go.mod h1:CxIveKay+FTh1D0yPZemJVgC/95VzuuOLq5Qi4xnoYc=
golang.org/x/text v0.6.0 h1:3XmdazWV+ubf7QgHSTWeykHOci5oeekaGJBLkrkaw4k=
golang.org/x/text v0.6.0/go.mod h1:mrYo+phRRbMaCq/xk9113O4dZlRixOauAjOtrjsXDZ8=
